
Microsoft Visual Studio Solution File, Format Version 12.00
# Visual Studio Version 16
VisualStudioVersion = 16.0.30309.148
MinimumVisualStudioVersion = 10.0.40219.1
Project("{FAE04EC0-301F-11D3-BF4B-00C04F79EFBC}") = "ObjectsConverter", "ObjectsConverter\ObjectsConverter.csproj", "{807EC1AC-F7BA-4BAA-AB79-7A12E9EC22AF}"
EndProject
Global
	GlobalSection(SolutionConfigurationPlatforms) = preSolution
		Debug|Any CPU = Debug|Any CPU
		Release|Any CPU = Release|Any CPU
	EndGlobalSection
	GlobalSection(ProjectConfigurationPlatforms) = postSolution
		{807EC1AC-F7BA-4BAA-AB79-7A12E9EC22AF}.Debug|Any CPU.ActiveCfg = Debug|Any CPU
		{807EC1AC-F7BA-4BAA-AB79-7A12E9EC22AF}.Debug|Any CPU.Build.0 = Debug|Any CPU
		{807EC1AC-F7BA-4BAA-AB79-7A12E9EC22AF}.Release|Any CPU.ActiveCfg = Release|Any CPU
		{807EC1AC-F7BA-4BAA-AB79-7A12E9EC22AF}.Release|Any CPU.Build.0 = Release|Any CPU
	EndGlobalSection
	GlobalSection(SolutionProperties) = preSolution
		HideSolutionNode = FALSE
	EndGlobalSection
	GlobalSection(ExtensibilityGlobals) = postSolution
		SolutionGuid = {088F1C92-9C04-4D37-B34B-FE15EA6A87CB}
	EndGlobalSection
EndGlobal
